// !$*UTF8*$!
{
	archiveVersion = 1;
	classes = {
	};
	objectVersion = 46;
	objects = {

/* Begin PBXBuildFile section */
		0330DC9A33BF4DCA9CEDC6FA /* libPods.a in Frameworks */ = {isa = PBXBuildFile; fileRef = A4E841DC048D4C3CBDCFA9D9 /* libPods.a */; };
		E90A302518F610440029F5F5 /* OWTNomalButton.m in Sources */ = {isa = PBXBuildFile; fileRef = E90A302418F610440029F5F5 /* OWTNomalButton.m */; };
		E912EF8618D9D5B500B0D383 /* OWTHistoryViewController.m in Sources */ = {isa = PBXBuildFile; fileRef = E912EF8518D9D5B500B0D383 /* OWTHistoryViewController.m */; };
		E912EF8918DC922400B0D383 /* OWTCell.m in Sources */ = {isa = PBXBuildFile; fileRef = E912EF8818DC922400B0D383 /* OWTCell.m */; };
		E912EF8C18DD1BFE00B0D383 /* OWTDataManager.m in Sources */ = {isa = PBXBuildFile; fileRef = E912EF8B18DD1BFE00B0D383 /* OWTDataManager.m */; };
		E912EF8E18DDDA5200B0D383 /* Reveal.framework in Frameworks */ = {isa = PBXBuildFile; fileRef = E912EF8D18DDDA5200B0D383 /* Reveal.framework */; };
		E91AC8DE18D4A57700343998 /* OWTRootViewController.m in Sources */ = {isa = PBXBuildFile; fileRef = E91AC8DD18D4A57700343998 /* OWTRootViewController.m */; };
		E91AC8E118D4A73D00343998 /* OWTAccount.m in Sources */ = {isa = PBXBuildFile; fileRef = E91AC8E018D4A73D00343998 /* OWTAccount.m */; };
		E91AC8E518D4ABF400343998 /* OWTLoginViewController.m in Sources */ = {isa = PBXBuildFile; fileRef = E91AC8E418D4ABF400343998 /* OWTLoginViewController.m */; };
		E91AC8EC18D5D36E00343998 /* OWTSettingViewController.m in Sources */ = {isa = PBXBuildFile; fileRef = E91AC8EB18D5D36E00343998 /* OWTSettingViewController.m */; };
		E91AC8EF18D6780900343998 /* Model.xcdatamodeld in Sources */ = {isa = PBXBuildFile; fileRef = E91AC8ED18D6780900343998 /* Model.xcdatamodeld */; };
		E91AC8F218D7405300343998 /* OWTSuccessButton.m in Sources */ = {isa = PBXBuildFile; fileRef = E91AC8F118D7405300343998 /* OWTSuccessButton.m */; };
		E9615F4F18D8ADF800D8C2D9 /* OWTDefaultButton.m in Sources */ = {isa = PBXBuildFile; fileRef = E9615F4E18D8ADF800D8C2D9 /* OWTDefaultButton.m */; };
		E9615F5218D8AF6B00D8C2D9 /* OWTTopViewController.m in Sources */ = {isa = PBXBuildFile; fileRef = E9615F5118D8AF6B00D8C2D9 /* OWTTopViewController.m */; };
		E98BE25A18D74345006D717B /* _OWTMessage.m in Sources */ = {isa = PBXBuildFile; fileRef = E98BE25318D74345006D717B /* _OWTMessage.m */; };
		E98BE25B18D74345006D717B /* _OWTTweet.m in Sources */ = {isa = PBXBuildFile; fileRef = E98BE25518D74345006D717B /* _OWTTweet.m */; };
		E98BE25C18D74345006D717B /* OWTMessage.m in Sources */ = {isa = PBXBuildFile; fileRef = E98BE25718D74345006D717B /* OWTMessage.m */; };
		E98BE25D18D74345006D717B /* OWTTweet.m in Sources */ = {isa = PBXBuildFile; fileRef = E98BE25918D74345006D717B /* OWTTweet.m */; };
		E98BE26018D7439B006D717B /* OWTCreateTweetViewController.m in Sources */ = {isa = PBXBuildFile; fileRef = E98BE25F18D7439B006D717B /* OWTCreateTweetViewController.m */; };
		E98BE26618D746E4006D717B /* OWTCreateReceiveViewController.m in Sources */ = {isa = PBXBuildFile; fileRef = E98BE26518D746E4006D717B /* OWTCreateReceiveViewController.m */; };
		E98BE26A18D749F1006D717B /* NSError+Creator.m in Sources */ = {isa = PBXBuildFile; fileRef = E98BE26918D749F1006D717B /* NSError+Creator.m */; };
		E9F4997518D0BB1200298B78 /* Foundation.framework in Frameworks */ = {isa = PBXBuildFile; fileRef = E9F4997418D0BB1200298B78 /* Foundation.framework */; };
		E9F4997718D0BB1200298B78 /* CoreGraphics.framework in Frameworks */ = {isa = PBXBuildFile; fileRef = E9F4997618D0BB1200298B78 /* CoreGraphics.framework */; };
		E9F4997918D0BB1200298B78 /* UIKit.framework in Frameworks */ = {isa = PBXBuildFile; fileRef = E9F4997818D0BB1200298B78 /* UIKit.framework */; };
		E9F4997F18D0BB1200298B78 /* InfoPlist.strings in Resources */ = {isa = PBXBuildFile; fileRef = E9F4997D18D0BB1200298B78 /* InfoPlist.strings */; };
		E9F4998118D0BB1200298B78 /* main.m in Sources */ = {isa = PBXBuildFile; fileRef = E9F4998018D0BB1200298B78 /* main.m */; };
		E9F4998518D0BB1200298B78 /* OWTAppDelegate.m in Sources */ = {isa = PBXBuildFile; fileRef = E9F4998418D0BB1200298B78 /* OWTAppDelegate.m */; };
		E9F4998818D0BB1200298B78 /* Main.storyboard in Resources */ = {isa = PBXBuildFile; fileRef = E9F4998618D0BB1200298B78 /* Main.storyboard */; };
		E9F4998D18D0BB1200298B78 /* Images.xcassets in Resources */ = {isa = PBXBuildFile; fileRef = E9F4998C18D0BB1200298B78 /* Images.xcassets */; };
		E9F4999418D0BB1200298B78 /* XCTest.framework in Frameworks */ = {isa = PBXBuildFile; fileRef = E9F4999318D0BB1200298B78 /* XCTest.framework */; };
		E9F4999518D0BB1200298B78 /* Foundation.framework in Frameworks */ = {isa = PBXBuildFile; fileRef = E9F4997418D0BB1200298B78 /* Foundation.framework */; };
		E9F4999618D0BB1200298B78 /* UIKit.framework in Frameworks */ = {isa = PBXBuildFile; fileRef = E9F4997818D0BB1200298B78 /* UIKit.framework */; };
		E9F4999E18D0BB1200298B78 /* InfoPlist.strings in Resources */ = {isa = PBXBuildFile; fileRef = E9F4999C18D0BB1200298B78 /* InfoPlist.strings */; };
		E9F499A018D0BB1200298B78 /* OwatterTests.m in Sources */ = {isa = PBXBuildFile; fileRef = E9F4999F18D0BB1200298B78 /* OwatterTests.m */; };
/* End PBXBuildFile section */

/* Begin PBXContainerItemProxy section */
		E9F4999718D0BB1200298B78 /* PBXContainerItemProxy */ = {
			isa = PBXContainerItemProxy;
			containerPortal = E9F4996918D0BB1200298B78 /* Project object */;
			proxyType = 1;
			remoteGlobalIDString = E9F4997018D0BB1200298B78;
			remoteInfo = Owatter;
		};
/* End PBXContainerItemProxy section */

/* Begin PBXFileReference section */
		68A4F632EE4E4EB6B86465C4 /* Pods.xcconfig */ = {isa = PBXFileReference; includeInIndex = 1; lastKnownFileType = text.xcconfig; name = Pods.xcconfig; path = Pods/Pods.xcconfig; sourceTree = "<group>"; };
		A4E841DC048D4C3CBDCFA9D9 /* libPods.a */ = {isa = PBXFileReference; explicitFileType = archive.ar; includeInIndex = 0; path = libPods.a; sourceTree = BUILT_PRODUCTS_DIR; };
		E90A302318F610440029F5F5 /* OWTNomalButton.h */ = {isa = PBXFileReference; fileEncoding = 4; lastKnownFileType = sourcecode.c.h; path = OWTNomalButton.h; sourceTree = "<group>"; };
		E90A302418F610440029F5F5 /* OWTNomalButton.m */ = {isa = PBXFileReference; fileEncoding = 4; lastKnownFileType = sourcecode.c.objc; path = OWTNomalButton.m; sourceTree = "<group>"; };
		E912EF8418D9D5B500B0D383 /* OWTHistoryViewController.h */ = {isa = PBXFileReference; fileEncoding = 4; lastKnownFileType = sourcecode.c.h; path = OWTHistoryViewController.h; sourceTree = "<group>"; };
		E912EF8518D9D5B500B0D383 /* OWTHistoryViewController.m */ = {isa = PBXFileReference; fileEncoding = 4; lastKnownFileType = sourcecode.c.objc; path = OWTHistoryViewController.m; sourceTree = "<group>"; };
		E912EF8718DC922400B0D383 /* OWTCell.h */ = {isa = PBXFileReference; fileEncoding = 4; lastKnownFileType = sourcecode.c.h; path = OWTCell.h; sourceTree = "<group>"; };
		E912EF8818DC922400B0D383 /* OWTCell.m */ = {isa = PBXFileReference; fileEncoding = 4; lastKnownFileType = sourcecode.c.objc; path = OWTCell.m; sourceTree = "<group>"; };
		E912EF8A18DD1BFE00B0D383 /* OWTDataManager.h */ = {isa = PBXFileReference; fileEncoding = 4; lastKnownFileType = sourcecode.c.h; path = OWTDataManager.h; sourceTree = "<group>"; };
		E912EF8B18DD1BFE00B0D383 /* OWTDataManager.m */ = {isa = PBXFileReference; fileEncoding = 4; lastKnownFileType = sourcecode.c.objc; path = OWTDataManager.m; sourceTree = "<group>"; };
		E912EF8D18DDDA5200B0D383 /* Reveal.framework */ = {isa = PBXFileReference; lastKnownFileType = wrapper.framework; path = Reveal.framework; sourceTree = "<group>"; };
		E91AC8DC18D4A57700343998 /* OWTRootViewController.h */ = {isa = PBXFileReference; fileEncoding = 4; lastKnownFileType = sourcecode.c.h; path = OWTRootViewController.h; sourceTree = "<group>"; };
		E91AC8DD18D4A57700343998 /* OWTRootViewController.m */ = {isa = PBXFileReference; fileEncoding = 4; lastKnownFileType = sourcecode.c.objc; path = OWTRootViewController.m; sourceTree = "<group>"; };
		E91AC8DF18D4A73D00343998 /* OWTAccount.h */ = {isa = PBXFileReference; fileEncoding = 4; lastKnownFileType = sourcecode.c.h; path = OWTAccount.h; sourceTree = "<group>"; };
		E91AC8E018D4A73D00343998 /* OWTAccount.m */ = {isa = PBXFileReference; fileEncoding = 4; lastKnownFileType = sourcecode.c.objc; path = OWTAccount.m; sourceTree = "<group>"; };
		E91AC8E318D4ABF400343998 /* OWTLoginViewController.h */ = {isa = PBXFileReference; fileEncoding = 4; lastKnownFileType = sourcecode.c.h; path = OWTLoginViewController.h; sourceTree = "<group>"; };
		E91AC8E418D4ABF400343998 /* OWTLoginViewController.m */ = {isa = PBXFileReference; fileEncoding = 4; lastKnownFileType = sourcecode.c.objc; path = OWTLoginViewController.m; sourceTree = "<group>"; };
		E91AC8EA18D5D36E00343998 /* OWTSettingViewController.h */ = {isa = PBXFileReference; fileEncoding = 4; lastKnownFileType = sourcecode.c.h; path = OWTSettingViewController.h; sourceTree = "<group>"; };
		E91AC8EB18D5D36E00343998 /* OWTSettingViewController.m */ = {isa = PBXFileReference; fileEncoding = 4; lastKnownFileType = sourcecode.c.objc; path = OWTSettingViewController.m; sourceTree = "<group>"; };
		E91AC8EE18D6780900343998 /* Model.xcdatamodel */ = {isa = PBXFileReference; lastKnownFileType = wrapper.xcdatamodel; path = Model.xcdatamodel; sourceTree = "<group>"; };
		E91AC8F018D7405300343998 /* OWTSuccessButton.h */ = {isa = PBXFileReference; fileEncoding = 4; lastKnownFileType = sourcecode.c.h; path = OWTSuccessButton.h; sourceTree = "<group>"; };
		E91AC8F118D7405300343998 /* OWTSuccessButton.m */ = {isa = PBXFileReference; fileEncoding = 4; lastKnownFileType = sourcecode.c.objc; path = OWTSuccessButton.m; sourceTree = "<group>"; };
		E9615F4D18D8ADF800D8C2D9 /* OWTDefaultButton.h */ = {isa = PBXFileReference; fileEncoding = 4; lastKnownFileType = sourcecode.c.h; path = OWTDefaultButton.h; sourceTree = "<group>"; };
		E9615F4E18D8ADF800D8C2D9 /* OWTDefaultButton.m */ = {isa = PBXFileReference; fileEncoding = 4; lastKnownFileType = sourcecode.c.objc; path = OWTDefaultButton.m; sourceTree = "<group>"; };
		E9615F5018D8AF6B00D8C2D9 /* OWTTopViewController.h */ = {isa = PBXFileReference; fileEncoding = 4; lastKnownFileType = sourcecode.c.h; path = OWTTopViewController.h; sourceTree = "<group>"; };
		E9615F5118D8AF6B00D8C2D9 /* OWTTopViewController.m */ = {isa = PBXFileReference; fileEncoding = 4; lastKnownFileType = sourcecode.c.objc; path = OWTTopViewController.m; sourceTree = "<group>"; };
		E98BE25218D74345006D717B /* _OWTMessage.h */ = {isa = PBXFileReference; fileEncoding = 4; lastKnownFileType = sourcecode.c.h; path = _OWTMessage.h; sourceTree = "<group>"; };
		E98BE25318D74345006D717B /* _OWTMessage.m */ = {isa = PBXFileReference; fileEncoding = 4; lastKnownFileType = sourcecode.c.objc; path = _OWTMessage.m; sourceTree = "<group>"; };
		E98BE25418D74345006D717B /* _OWTTweet.h */ = {isa = PBXFileReference; fileEncoding = 4; lastKnownFileType = sourcecode.c.h; path = _OWTTweet.h; sourceTree = "<group>"; };
		E98BE25518D74345006D717B /* _OWTTweet.m */ = {isa = PBXFileReference; fileEncoding = 4; lastKnownFileType = sourcecode.c.objc; path = _OWTTweet.m; sourceTree = "<group>"; };
		E98BE25618D74345006D717B /* OWTMessage.h */ = {isa = PBXFileReference; fileEncoding = 4; lastKnownFileType = sourcecode.c.h; path = OWTMessage.h; sourceTree = "<group>"; };
		E98BE25718D74345006D717B /* OWTMessage.m */ = {isa = PBXFileReference; fileEncoding = 4; lastKnownFileType = sourcecode.c.objc; path = OWTMessage.m; sourceTree = "<group>"; };
		E98BE25818D74345006D717B /* OWTTweet.h */ = {isa = PBXFileReference; fileEncoding = 4; lastKnownFileType = sourcecode.c.h; path = OWTTweet.h; sourceTree = "<group>"; };
		E98BE25918D74345006D717B /* OWTTweet.m */ = {isa = PBXFileReference; fileEncoding = 4; lastKnownFileType = sourcecode.c.objc; path = OWTTweet.m; sourceTree = "<group>"; };
		E98BE25E18D7439B006D717B /* OWTCreateTweetViewController.h */ = {isa = PBXFileReference; fileEncoding = 4; lastKnownFileType = sourcecode.c.h; path = OWTCreateTweetViewController.h; sourceTree = "<group>"; };
		E98BE25F18D7439B006D717B /* OWTCreateTweetViewController.m */ = {isa = PBXFileReference; fileEncoding = 4; lastKnownFileType = sourcecode.c.objc; path = OWTCreateTweetViewController.m; sourceTree = "<group>"; };
		E98BE26118D744B1006D717B /* OWTCreateReplyMessageViewController.h */ = {isa = PBXFileReference; fileEncoding = 4; lastKnownFileType = sourcecode.c.h; path = OWTCreateReplyMessageViewController.h; sourceTree = "<group>"; };
		E98BE26218D744B1006D717B /* OWTCreateReplyMessageViewController.m */ = {isa = PBXFileReference; fileEncoding = 4; lastKnownFileType = sourcecode.c.objc; path = OWTCreateReplyMessageViewController.m; sourceTree = "<group>"; };
		E98BE26418D746E4006D717B /* OWTCreateReceiveViewController.h */ = {isa = PBXFileReference; fileEncoding = 4; lastKnownFileType = sourcecode.c.h; path = OWTCreateReceiveViewController.h; sourceTree = "<group>"; };
		E98BE26518D746E4006D717B /* OWTCreateReceiveViewController.m */ = {isa = PBXFileReference; fileEncoding = 4; lastKnownFileType = sourcecode.c.objc; path = OWTCreateReceiveViewController.m; sourceTree = "<group>"; };
		E98BE26818D749F1006D717B /* NSError+Creator.h */ = {isa = PBXFileReference; fileEncoding = 4; lastKnownFileType = sourcecode.c.h; path = "NSError+Creator.h"; sourceTree = "<group>"; };
		E98BE26918D749F1006D717B /* NSError+Creator.m */ = {isa = PBXFileReference; fileEncoding = 4; lastKnownFileType = sourcecode.c.objc; path = "NSError+Creator.m"; sourceTree = "<group>"; };
		E9F4997118D0BB1200298B78 /* Owatter.app */ = {isa = PBXFileReference; explicitFileType = wrapper.application; includeInIndex = 0; path = Owatter.app; sourceTree = BUILT_PRODUCTS_DIR; };
		E9F4997418D0BB1200298B78 /* Foundation.framework */ = {isa = PBXFileReference; lastKnownFileType = wrapper.framework; name = Foundation.framework; path = System/Library/Frameworks/Foundation.framework; sourceTree = SDKROOT; };
		E9F4997618D0BB1200298B78 /* CoreGraphics.framework */ = {isa = PBXFileReference; lastKnownFileType = wrapper.framework; name = CoreGraphics.framework; path = System/Library/Frameworks/CoreGraphics.framework; sourceTree = SDKROOT; };
		E9F4997818D0BB1200298B78 /* UIKit.framework */ = {isa = PBXFileReference; lastKnownFileType = wrapper.framework; name = UIKit.framework; path = System/Library/Frameworks/UIKit.framework; sourceTree = SDKROOT; };
		E9F4997C18D0BB1200298B78 /* Owatter-Info.plist */ = {isa = PBXFileReference; lastKnownFileType = text.plist.xml; path = "Owatter-Info.plist"; sourceTree = "<group>"; };
		E9F4997E18D0BB1200298B78 /* en */ = {isa = PBXFileReference; lastKnownFileType = text.plist.strings; name = en; path = en.lproj/InfoPlist.strings; sourceTree = "<group>"; };
		E9F4998018D0BB1200298B78 /* main.m */ = {isa = PBXFileReference; lastKnownFileType = sourcecode.c.objc; path = main.m; sourceTree = "<group>"; };
		E9F4998218D0BB1200298B78 /* Owatter-Prefix.pch */ = {isa = PBXFileReference; lastKnownFileType = sourcecode.c.h; path = "Owatter-Prefix.pch"; sourceTree = "<group>"; };
		E9F4998318D0BB1200298B78 /* OWTAppDelegate.h */ = {isa = PBXFileReference; lastKnownFileType = sourcecode.c.h; path = OWTAppDelegate.h; sourceTree = "<group>"; };
		E9F4998418D0BB1200298B78 /* OWTAppDelegate.m */ = {isa = PBXFileReference; lastKnownFileType = sourcecode.c.objc; path = OWTAppDelegate.m; sourceTree = "<group>"; };
		E9F4998718D0BB1200298B78 /* Base */ = {isa = PBXFileReference; lastKnownFileType = file.storyboard; name = Base; path = Base.lproj/Main.storyboard; sourceTree = "<group>"; };
		E9F4998C18D0BB1200298B78 /* Images.xcassets */ = {isa = PBXFileReference; lastKnownFileType = folder.assetcatalog; path = Images.xcassets; sourceTree = "<group>"; };
		E9F4999218D0BB1200298B78 /* OwatterTests.xctest */ = {isa = PBXFileReference; explicitFileType = wrapper.cfbundle; includeInIndex = 0; path = OwatterTests.xctest; sourceTree = BUILT_PRODUCTS_DIR; };
		E9F4999318D0BB1200298B78 /* XCTest.framework */ = {isa = PBXFileReference; lastKnownFileType = wrapper.framework; name = XCTest.framework; path = Library/Frameworks/XCTest.framework; sourceTree = DEVELOPER_DIR; };
		E9F4999B18D0BB1200298B78 /* OwatterTests-Info.plist */ = {isa = PBXFileReference; lastKnownFileType = text.plist.xml; path = "OwatterTests-Info.plist"; sourceTree = "<group>"; };
		E9F4999D18D0BB1200298B78 /* en */ = {isa = PBXFileReference; lastKnownFileType = text.plist.strings; name = en; path = en.lproj/InfoPlist.strings; sourceTree = "<group>"; };
		E9F4999F18D0BB1200298B78 /* OwatterTests.m */ = {isa = PBXFileReference; lastKnownFileType = sourcecode.c.objc; path = OwatterTests.m; sourceTree = "<group>"; };
/* End PBXFileReference section */

/* Begin PBXFrameworksBuildPhase section */
		E9F4996E18D0BB1200298B78 /* Frameworks */ = {
			isa = PBXFrameworksBuildPhase;
			buildActionMask = 2147483647;
			files = (
				E9F4997718D0BB1200298B78 /* CoreGraphics.framework in Frameworks */,
				E9F4997918D0BB1200298B78 /* UIKit.framework in Frameworks */,
				E912EF8E18DDDA5200B0D383 /* Reveal.framework in Frameworks */,
				E9F4997518D0BB1200298B78 /* Foundation.framework in Frameworks */,
				0330DC9A33BF4DCA9CEDC6FA /* libPods.a in Frameworks */,
			);
			runOnlyForDeploymentPostprocessing = 0;
		};
		E9F4998F18D0BB1200298B78 /* Frameworks */ = {
			isa = PBXFrameworksBuildPhase;
			buildActionMask = 2147483647;
			files = (
				E9F4999418D0BB1200298B78 /* XCTest.framework in Frameworks */,
				E9F4999618D0BB1200298B78 /* UIKit.framework in Frameworks */,
				E9F4999518D0BB1200298B78 /* Foundation.framework in Frameworks */,
			);
			runOnlyForDeploymentPostprocessing = 0;
		};
/* End PBXFrameworksBuildPhase section */

/* Begin PBXGroup section */
		E91AC8D918D4A1FE00343998 /* Models */ = {
			isa = PBXGroup;
			children = (
				E91AC8DF18D4A73D00343998 /* OWTAccount.h */,
				E91AC8E018D4A73D00343998 /* OWTAccount.m */,
				E912EF8A18DD1BFE00B0D383 /* OWTDataManager.h */,
				E912EF8B18DD1BFE00B0D383 /* OWTDataManager.m */,
			);
			name = Models;
			sourceTree = "<group>";
		};
		E91AC8DA18D4A20A00343998 /* Views */ = {
			isa = PBXGroup;
			children = (
				E91AC8F018D7405300343998 /* OWTSuccessButton.h */,
				E91AC8F118D7405300343998 /* OWTSuccessButton.m */,
				E9615F4D18D8ADF800D8C2D9 /* OWTDefaultButton.h */,
				E9615F4E18D8ADF800D8C2D9 /* OWTDefaultButton.m */,
				E90A302318F610440029F5F5 /* OWTNomalButton.h */,
				E90A302418F610440029F5F5 /* OWTNomalButton.m */,
				E912EF8718DC922400B0D383 /* OWTCell.h */,
				E912EF8818DC922400B0D383 /* OWTCell.m */,
			);
			name = Views;
			sourceTree = "<group>";
		};
		E91AC8DB18D4A22400343998 /* Controllers */ = {
			isa = PBXGroup;
			children = (
				E91AC8DC18D4A57700343998 /* OWTRootViewController.h */,
				E91AC8DD18D4A57700343998 /* OWTRootViewController.m */,
				E91AC8E318D4ABF400343998 /* OWTLoginViewController.h */,
				E91AC8E418D4ABF400343998 /* OWTLoginViewController.m */,
				E91AC8EA18D5D36E00343998 /* OWTSettingViewController.h */,
				E91AC8EB18D5D36E00343998 /* OWTSettingViewController.m */,
				E98BE25E18D7439B006D717B /* OWTCreateTweetViewController.h */,
				E98BE25F18D7439B006D717B /* OWTCreateTweetViewController.m */,
				E98BE26118D744B1006D717B /* OWTCreateReplyMessageViewController.h */,
				E98BE26218D744B1006D717B /* OWTCreateReplyMessageViewController.m */,
				E98BE26418D746E4006D717B /* OWTCreateReceiveViewController.h */,
				E98BE26518D746E4006D717B /* OWTCreateReceiveViewController.m */,
				E9615F5018D8AF6B00D8C2D9 /* OWTTopViewController.h */,
				E9615F5118D8AF6B00D8C2D9 /* OWTTopViewController.m */,
				E912EF8418D9D5B500B0D383 /* OWTHistoryViewController.h */,
				E912EF8518D9D5B500B0D383 /* OWTHistoryViewController.m */,
			);
			name = Controllers;
			sourceTree = "<group>";
		};
		E98BE25118D74345006D717B /* CoreDataModels */ = {
			isa = PBXGroup;
			children = (
				E98BE25218D74345006D717B /* _OWTMessage.h */,
				E98BE25318D74345006D717B /* _OWTMessage.m */,
				E98BE25418D74345006D717B /* _OWTTweet.h */,
				E98BE25518D74345006D717B /* _OWTTweet.m */,
				E98BE25618D74345006D717B /* OWTMessage.h */,
				E98BE25718D74345006D717B /* OWTMessage.m */,
				E98BE25818D74345006D717B /* OWTTweet.h */,
				E98BE25918D74345006D717B /* OWTTweet.m */,
			);
			path = CoreDataModels;
			sourceTree = "<group>";
		};
		E98BE26718D749D5006D717B /* Categories */ = {
			isa = PBXGroup;
			children = (
				E98BE26818D749F1006D717B /* NSError+Creator.h */,
				E98BE26918D749F1006D717B /* NSError+Creator.m */,
			);
			name = Categories;
			sourceTree = "<group>";
		};
		E9F4996818D0BB1200298B78 = {
			isa = PBXGroup;
			children = (
				E9F4997A18D0BB1200298B78 /* Owatter */,
				E9F4999918D0BB1200298B78 /* OwatterTests */,
				E9F4997318D0BB1200298B78 /* Frameworks */,
				E9F4997218D0BB1200298B78 /* Products */,
				68A4F632EE4E4EB6B86465C4 /* Pods.xcconfig */,
			);
			sourceTree = "<group>";
		};
		E9F4997218D0BB1200298B78 /* Products */ = {
			isa = PBXGroup;
			children = (
				E9F4997118D0BB1200298B78 /* Owatter.app */,
				E9F4999218D0BB1200298B78 /* OwatterTests.xctest */,
			);
			name = Products;
			sourceTree = "<group>";
		};
		E9F4997318D0BB1200298B78 /* Frameworks */ = {
			isa = PBXGroup;
			children = (
				E912EF8D18DDDA5200B0D383 /* Reveal.framework */,
				E9F4997418D0BB1200298B78 /* Foundation.framework */,
				E9F4997618D0BB1200298B78 /* CoreGraphics.framework */,
				E9F4997818D0BB1200298B78 /* UIKit.framework */,
				E9F4999318D0BB1200298B78 /* XCTest.framework */,
				A4E841DC048D4C3CBDCFA9D9 /* libPods.a */,
			);
			name = Frameworks;
			sourceTree = "<group>";
		};
		E9F4997A18D0BB1200298B78 /* Owatter */ = {
			isa = PBXGroup;
			children = (
				E98BE26718D749D5006D717B /* Categories */,
				E98BE25118D74345006D717B /* CoreDataModels */,
				E91AC8DB18D4A22400343998 /* Controllers */,
				E91AC8D918D4A1FE00343998 /* Models */,
				E91AC8DA18D4A20A00343998 /* Views */,
				E9F4998318D0BB1200298B78 /* OWTAppDelegate.h */,
				E9F4998418D0BB1200298B78 /* OWTAppDelegate.m */,
				E9F4998618D0BB1200298B78 /* Main.storyboard */,
				E91AC8ED18D6780900343998 /* Model.xcdatamodeld */,
				E9F4998C18D0BB1200298B78 /* Images.xcassets */,
				E9F4997B18D0BB1200298B78 /* Supporting Files */,
			);
			path = Owatter;
			sourceTree = "<group>";
		};
		E9F4997B18D0BB1200298B78 /* Supporting Files */ = {
			isa = PBXGroup;
			children = (
				E9F4997C18D0BB1200298B78 /* Owatter-Info.plist */,
				E9F4997D18D0BB1200298B78 /* InfoPlist.strings */,
				E9F4998018D0BB1200298B78 /* main.m */,
				E9F4998218D0BB1200298B78 /* Owatter-Prefix.pch */,
			);
			name = "Supporting Files";
			sourceTree = "<group>";
		};
		E9F4999918D0BB1200298B78 /* OwatterTests */ = {
			isa = PBXGroup;
			children = (
				E9F4999F18D0BB1200298B78 /* OwatterTests.m */,
				E9F4999A18D0BB1200298B78 /* Supporting Files */,
			);
			path = OwatterTests;
			sourceTree = "<group>";
		};
		E9F4999A18D0BB1200298B78 /* Supporting Files */ = {
			isa = PBXGroup;
			children = (
				E9F4999B18D0BB1200298B78 /* OwatterTests-Info.plist */,
				E9F4999C18D0BB1200298B78 /* InfoPlist.strings */,
			);
			name = "Supporting Files";
			sourceTree = "<group>";
		};
/* End PBXGroup section */

/* Begin PBXNativeTarget section */
		E9F4997018D0BB1200298B78 /* Owatter */ = {
			isa = PBXNativeTarget;
			buildConfigurationList = E9F499A318D0BB1200298B78 /* Build configuration list for PBXNativeTarget "Owatter" */;
			buildPhases = (
				8D7492DE4C7047E49AD7847E /* Check Pods Manifest.lock */,
				E9F4996D18D0BB1200298B78 /* Sources */,
				E9F4996E18D0BB1200298B78 /* Frameworks */,
				E9F4996F18D0BB1200298B78 /* Resources */,
				ED8951076F1E45A199AFEA4B /* Copy Pods Resources */,
			);
			buildRules = (
			);
			dependencies = (
			);
			name = Owatter;
			productName = Owatter;
			productReference = E9F4997118D0BB1200298B78 /* Owatter.app */;
			productType = "com.apple.product-type.application";
		};
		E9F4999118D0BB1200298B78 /* OwatterTests */ = {
			isa = PBXNativeTarget;
			buildConfigurationList = E9F499A618D0BB1200298B78 /* Build configuration list for PBXNativeTarget "OwatterTests" */;
			buildPhases = (
				E9F4998E18D0BB1200298B78 /* Sources */,
				E9F4998F18D0BB1200298B78 /* Frameworks */,
				E9F4999018D0BB1200298B78 /* Resources */,
			);
			buildRules = (
			);
			dependencies = (
				E9F4999818D0BB1200298B78 /* PBXTargetDependency */,
			);
			name = OwatterTests;
			productName = OwatterTests;
			productReference = E9F4999218D0BB1200298B78 /* OwatterTests.xctest */;
			productType = "com.apple.product-type.bundle.unit-test";
		};
/* End PBXNativeTarget section */

/* Begin PBXProject section */
		E9F4996918D0BB1200298B78 /* Project object */ = {
			isa = PBXProject;
			attributes = {
				CLASSPREFIX = OWT;
				LastUpgradeCheck = 0510;
				ORGANIZATIONNAME = "Hiroki Yoshifuji";
				TargetAttributes = {
					E9F4999118D0BB1200298B78 = {
						TestTargetID = E9F4997018D0BB1200298B78;
					};
				};
			};
			buildConfigurationList = E9F4996C18D0BB1200298B78 /* Build configuration list for PBXProject "Owatter" */;
			compatibilityVersion = "Xcode 3.2";
			developmentRegion = English;
			hasScannedForEncodings = 0;
			knownRegions = (
				en,
				Base,
			);
			mainGroup = E9F4996818D0BB1200298B78;
			productRefGroup = E9F4997218D0BB1200298B78 /* Products */;
			projectDirPath = "";
			projectRoot = "";
			targets = (
				E9F4997018D0BB1200298B78 /* Owatter */,
				E9F4999118D0BB1200298B78 /* OwatterTests */,
			);
		};
/* End PBXProject section */

/* Begin PBXResourcesBuildPhase section */
		E9F4996F18D0BB1200298B78 /* Resources */ = {
			isa = PBXResourcesBuildPhase;
			buildActionMask = 2147483647;
			files = (
				E9F4998D18D0BB1200298B78 /* Images.xcassets in Resources */,
				E9F4997F18D0BB1200298B78 /* InfoPlist.strings in Resources */,
				E9F4998818D0BB1200298B78 /* Main.storyboard in Resources */,
			);
			runOnlyForDeploymentPostprocessing = 0;
		};
		E9F4999018D0BB1200298B78 /* Resources */ = {
			isa = PBXResourcesBuildPhase;
			buildActionMask = 2147483647;
			files = (
				E9F4999E18D0BB1200298B78 /* InfoPlist.strings in Resources */,
			);
			runOnlyForDeploymentPostprocessing = 0;
		};
/* End PBXResourcesBuildPhase section */

/* Begin PBXShellScriptBuildPhase section */
		8D7492DE4C7047E49AD7847E /* Check Pods Manifest.lock */ = {
			isa = PBXShellScriptBuildPhase;
			buildActionMask = 2147483647;
			files = (
			);
			inputPaths = (
			);
			name = "Check Pods Manifest.lock";
			outputPaths = (
			);
			runOnlyForDeploymentPostprocessing = 0;
			shellPath = /bin/sh;
			shellScript = "diff \"${PODS_ROOT}/../Podfile.lock\" \"${PODS_ROOT}/Manifest.lock\" > /dev/null\nif [[ $? != 0 ]] ; then\n    cat << EOM\nerror: The sandbox is not in sync with the Podfile.lock. Run 'pod install' or update your CocoaPods installation.\nEOM\n    exit 1\nfi\n";
			showEnvVarsInLog = 0;
		};
		ED8951076F1E45A199AFEA4B /* Copy Pods Resources */ = {
			isa = PBXShellScriptBuildPhase;
			buildActionMask = 2147483647;
			files = (
			);
			inputPaths = (
			);
			name = "Copy Pods Resources";
			outputPaths = (
			);
			runOnlyForDeploymentPostprocessing = 0;
			shellPath = /bin/sh;
			shellScript = "\"${SRCROOT}/Pods/Pods-resources.sh\"\n";
			showEnvVarsInLog = 0;
		};
/* End PBXShellScriptBuildPhase section */

/* Begin PBXSourcesBuildPhase section */
		E9F4996D18D0BB1200298B78 /* Sources */ = {
			isa = PBXSourcesBuildPhase;
			buildActionMask = 2147483647;
			files = (
				E91AC8EC18D5D36E00343998 /* OWTSettingViewController.m in Sources */,
				E9615F4F18D8ADF800D8C2D9 /* OWTDefaultButton.m in Sources */,
				E912EF8918DC922400B0D383 /* OWTCell.m in Sources */,
				E98BE25A18D74345006D717B /* _OWTMessage.m in Sources */,
				E98BE26A18D749F1006D717B /* NSError+Creator.m in Sources */,
				E98BE25B18D74345006D717B /* _OWTTweet.m in Sources */,
				E90A302518F610440029F5F5 /* OWTNomalButton.m in Sources */,
				E9F4998118D0BB1200298B78 /* main.m in Sources */,
				E98BE25D18D74345006D717B /* OWTTweet.m in Sources */,
				E9F4998518D0BB1200298B78 /* OWTAppDelegate.m in Sources */,
				E91AC8EF18D6780900343998 /* Model.xcdatamodeld in Sources */,
				E98BE26618D746E4006D717B /* OWTCreateReceiveViewController.m in Sources */,
				E912EF8618D9D5B500B0D383 /* OWTHistoryViewController.m in Sources */,
				E912EF8C18DD1BFE00B0D383 /* OWTDataManager.m in Sources */,
				E98BE26018D7439B006D717B /* OWTCreateTweetViewController.m in Sources */,
				E91AC8F218D7405300343998 /* OWTSuccessButton.m in Sources */,
				E91AC8E118D4A73D00343998 /* OWTAccount.m in Sources */,
				E91AC8E518D4ABF400343998 /* OWTLoginViewController.m in Sources */,
				E91AC8DE18D4A57700343998 /* OWTRootViewController.m in Sources */,
				E98BE25C18D74345006D717B /* OWTMessage.m in Sources */,
				E9615F5218D8AF6B00D8C2D9 /* OWTTopViewController.m in Sources */,
			);
			runOnlyForDeploymentPostprocessing = 0;
		};
		E9F4998E18D0BB1200298B78 /* Sources */ = {
			isa = PBXSourcesBuildPhase;
			buildActionMask = 2147483647;
			files = (
				E9F499A018D0BB1200298B78 /* OwatterTests.m in Sources */,
			);
			runOnlyForDeploymentPostprocessing = 0;
		};
/* End PBXSourcesBuildPhase section */

/* Begin PBXTargetDependency section */
		E9F4999818D0BB1200298B78 /* PBXTargetDependency */ = {
			isa = PBXTargetDependency;
			target = E9F4997018D0BB1200298B78 /* Owatter */;
			targetProxy = E9F4999718D0BB1200298B78 /* PBXContainerItemProxy */;
		};
/* End PBXTargetDependency section */

/* Begin PBXVariantGroup section */
		E9F4997D18D0BB1200298B78 /* InfoPlist.strings */ = {
			isa = PBXVariantGroup;
			children = (
				E9F4997E18D0BB1200298B78 /* en */,
			);
			name = InfoPlist.strings;
			sourceTree = "<group>";
		};
		E9F4998618D0BB1200298B78 /* Main.storyboard */ = {
			isa = PBXVariantGroup;
			children = (
				E9F4998718D0BB1200298B78 /* Base */,
			);
			name = Main.storyboard;
			sourceTree = "<group>";
		};
		E9F4999C18D0BB1200298B78 /* InfoPlist.strings */ = {
			isa = PBXVariantGroup;
			children = (
				E9F4999D18D0BB1200298B78 /* en */,
			);
			name = InfoPlist.strings;
			sourceTree = "<group>";
		};
/* End PBXVariantGroup section */

/* Begin XCBuildConfiguration section */
		E9F499A118D0BB1200298B78 /* Debug */ = {
			isa = XCBuildConfiguration;
			buildSettings = {
				ALWAYS_SEARCH_USER_PATHS = NO;
				CLANG_CXX_LANGUAGE_STANDARD = "gnu++0x";
				CLANG_CXX_LIBRARY = "libc++";
				CLANG_ENABLE_MODULES = YES;
				CLANG_ENABLE_OBJC_ARC = YES;
				CLANG_WARN_BOOL_CONVERSION = YES;
				CLANG_WARN_CONSTANT_CONVERSION = YES;
				CLANG_WARN_DIRECT_OBJC_ISA_USAGE = YES_ERROR;
				CLANG_WARN_EMPTY_BODY = YES;
				CLANG_WARN_ENUM_CONVERSION = YES;
				CLANG_WARN_INT_CONVERSION = YES;
				CLANG_WARN_OBJC_ROOT_CLASS = YES_ERROR;
				CLANG_WARN__DUPLICATE_METHOD_MATCH = YES;
				"CODE_SIGN_IDENTITY[sdk=iphoneos*]" = "iPhone Developer";
				COPY_PHASE_STRIP = NO;
				GCC_C_LANGUAGE_STANDARD = gnu99;
				GCC_DYNAMIC_NO_PIC = NO;
				GCC_OPTIMIZATION_LEVEL = 0;
				GCC_PREPROCESSOR_DEFINITIONS = (
					"DEBUG=1",
					"$(inherited)",
				);
				GCC_SYMBOLS_PRIVATE_EXTERN = NO;
				GCC_WARN_64_TO_32_BIT_CONVERSION = YES;
				GCC_WARN_ABOUT_RETURN_TYPE = YES_ERROR;
				GCC_WARN_UNDECLARED_SELECTOR = YES;
				GCC_WARN_UNINITIALIZED_AUTOS = YES_AGGRESSIVE;
				GCC_WARN_UNUSED_FUNCTION = YES;
				GCC_WARN_UNUSED_VARIABLE = YES;
				IPHONEOS_DEPLOYMENT_TARGET = 7.1;
				ONLY_ACTIVE_ARCH = YES;
				SDKROOT = iphoneos;
			};
			name = Debug;
		};
		E9F499A218D0BB1200298B78 /* Release */ = {
			isa = XCBuildConfiguration;
			buildSettings = {
				ALWAYS_SEARCH_USER_PATHS = NO;
				CLANG_CXX_LANGUAGE_STANDARD = "gnu++0x";
				CLANG_CXX_LIBRARY = "libc++";
				CLANG_ENABLE_MODULES = YES;
				CLANG_ENABLE_OBJC_ARC = YES;
				CLANG_WARN_BOOL_CONVERSION = YES;
				CLANG_WARN_CONSTANT_CONVERSION = YES;
				CLANG_WARN_DIRECT_OBJC_ISA_USAGE = YES_ERROR;
				CLANG_WARN_EMPTY_BODY = YES;
				CLANG_WARN_ENUM_CONVERSION = YES;
				CLANG_WARN_INT_CONVERSION = YES;
				CLANG_WARN_OBJC_ROOT_CLASS = YES_ERROR;
				CLANG_WARN__DUPLICATE_METHOD_MATCH = YES;
				"CODE_SIGN_IDENTITY[sdk=iphoneos*]" = "iPhone Developer";
				COPY_PHASE_STRIP = YES;
				ENABLE_NS_ASSERTIONS = NO;
				GCC_C_LANGUAGE_STANDARD = gnu99;
				GCC_WARN_64_TO_32_BIT_CONVERSION = YES;
				GCC_WARN_ABOUT_RETURN_TYPE = YES_ERROR;
				GCC_WARN_UNDECLARED_SELECTOR = YES;
				GCC_WARN_UNINITIALIZED_AUTOS = YES_AGGRESSIVE;
				GCC_WARN_UNUSED_FUNCTION = YES;
				GCC_WARN_UNUSED_VARIABLE = YES;
				IPHONEOS_DEPLOYMENT_TARGET = 7.1;
				SDKROOT = iphoneos;
				VALIDATE_PRODUCT = YES;
			};
			name = Release;
		};
		E9F499A418D0BB1200298B78 /* Debug */ = {
			isa = XCBuildConfiguration;
			baseConfigurationReference = 68A4F632EE4E4EB6B86465C4 /* Pods.xcconfig */;
			buildSettings = {
				ASSETCATALOG_COMPILER_APPICON_NAME = AppIcon;
				ASSETCATALOG_COMPILER_LAUNCHIMAGE_NAME = LaunchImage;
				CODE_SIGN_IDENTITY = "iPhone Developer";
				FRAMEWORK_SEARCH_PATHS = (
					"$(inherited)",
					"$(PROJECT_DIR)",
				);
				GCC_PRECOMPILE_PREFIX_HEADER = YES;
				GCC_PREFIX_HEADER = "Owatter/Owatter-Prefix.pch";
				INFOPLIST_FILE = "Owatter/Owatter-Info.plist";
				IPHONEOS_DEPLOYMENT_TARGET = 7.0;
				PRODUCT_NAME = "$(TARGET_NAME)";
				PROVISIONING_PROFILE = "7EF237B5-D2E8-47F0-902F-790CAF503720";
				WRAPPER_EXTENSION = app;
			};
			name = Debug;
		};
		E9F499A518D0BB1200298B78 /* Release */ = {
			isa = XCBuildConfiguration;
			baseConfigurationReference = 68A4F632EE4E4EB6B86465C4 /* Pods.xcconfig */;
			buildSettings = {
				ASSETCATALOG_COMPILER_APPICON_NAME = AppIcon;
				ASSETCATALOG_COMPILER_LAUNCHIMAGE_NAME = LaunchImage;
				CODE_SIGN_IDENTITY = "iPhone Distribution";
				FRAMEWORK_SEARCH_PATHS = (
					"$(inherited)",
					"$(PROJECT_DIR)",
				);
				GCC_PRECOMPILE_PREFIX_HEADER = YES;
				GCC_PREFIX_HEADER = "Owatter/Owatter-Prefix.pch";
				INFOPLIST_FILE = "Owatter/Owatter-Info.plist";
				IPHONEOS_DEPLOYMENT_TARGET = 7.0;
				PRODUCT_NAME = "$(TARGET_NAME)";
				PROVISIONING_PROFILE = "7EF237B5-D2E8-47F0-902F-790CAF503720";
				WRAPPER_EXTENSION = app;
			};
			name = Release;
		};
		E9F499A718D0BB1200298B78 /* Debug */ = {
			isa = XCBuildConfiguration;
			buildSettings = {
				BUNDLE_LOADER = "$(BUILT_PRODUCTS_DIR)/Owatter.app/Owatter";
				FRAMEWORK_SEARCH_PATHS = (
					"$(SDKROOT)/Developer/Library/Frameworks",
					"$(inherited)",
					"$(DEVELOPER_FRAMEWORKS_DIR)",
				);
				GCC_PRECOMPILE_PREFIX_HEADER = YES;
				GCC_PREFIX_HEADER = "Owatter/Owatter-Prefix.pch";
				GCC_PREPROCESSOR_DEFINITIONS = (
					"DEBUG=1",
					"$(inherited)",
				);
				INFOPLIST_FILE = "OwatterTests/OwatterTests-Info.plist";
				PRODUCT_NAME = "$(TARGET_NAME)";
				TEST_HOST = "$(BUNDLE_LOADER)";
				WRAPPER_EXTENSION = xctest;
			};
			name = Debug;
		};
		E9F499A818D0BB1200298B78 /* Release */ = {
			isa = XCBuildConfiguration;
			buildSettings = {
				BUNDLE_LOADER = "$(BUILT_PRODUCTS_DIR)/Owatter.app/Owatter";
				FRAMEWORK_SEARCH_PATHS = (
					"$(SDKROOT)/Developer/Library/Frameworks",
					"$(inherited)",
					"$(DEVELOPER_FRAMEWORKS_DIR)",
				);
				GCC_PRECOMPILE_PREFIX_HEADER = YES;
				GCC_PREFIX_HEADER = "Owatter/Owatter-Prefix.pch";
				INFOPLIST_FILE = "OwatterTests/OwatterTests-Info.plist";
				PRODUCT_NAME = "$(TARGET_NAME)";
				TEST_HOST = "$(BUNDLE_LOADER)";
				WRAPPER_EXTENSION = xctest;
			};
			name = Release;
		};
/* End XCBuildConfiguration section */

/* Begin XCConfigurationList section */
		E9F4996C18D0BB1200298B78 /* Build configuration list for PBXProject "Owatter" */ = {
			isa = XCConfigurationList;
			buildConfigurations = (
				E9F499A118D0BB1200298B78 /* Debug */,
				E9F499A218D0BB1200298B78 /* Release */,
			);
			defaultConfigurationIsVisible = 0;
			defaultConfigurationName = Release;
		};
		E9F499A318D0BB1200298B78 /* Build configuration list for PBXNativeTarget "Owatter" */ = {
			isa = XCConfigurationList;
			buildConfigurations = (
				E9F499A418D0BB1200298B78 /* Debug */,
				E9F499A518D0BB1200298B78 /* Release */,
			);
			defaultConfigurationIsVisible = 0;
			defaultConfigurationName = Release;
		};
		E9F499A618D0BB1200298B78 /* Build configuration list for PBXNativeTarget "OwatterTests" */ = {
			isa = XCConfigurationList;
			buildConfigurations = (
				E9F499A718D0BB1200298B78 /* Debug */,
				E9F499A818D0BB1200298B78 /* Release */,
			);
			defaultConfigurationIsVisible = 0;
			defaultConfigurationName = Release;
		};
/* End XCConfigurationList section */

/* Begin XCVersionGroup section */
		E91AC8ED18D6780900343998 /* Model.xcdatamodeld */ = {
			isa = XCVersionGroup;
			children = (
				E91AC8EE18D6780900343998 /* Model.xcdatamodel */,
			);
			currentVersion = E91AC8EE18D6780900343998 /* Model.xcdatamodel */;
			path = Model.xcdatamodeld;
			sourceTree = "<group>";
			versionGroupType = wrapper.xcdatamodel;
		};
/* End XCVersionGroup section */
	};
	rootObject = E9F4996918D0BB1200298B78 /* Project object */;
}
